{
  "name": "hydra-effection",
  "version": "0.0.1",
  "lockfileVersion": 3,
  "requires": true,
  "packages": {
    "": {
      "name": "hydra-effection",
      "version": "0.0.1",
      "license": "MIT",
      "dependencies": {
        "express": ">=4.0.0",
        "http-proxy": ">=1.0.0",
        "morgan": "^1.10.0"
      },
      "devDependencies": {
        "@ai-sdk/google": "^2.0.47",
        "@ai-sdk/openai": "^2.0.87",
        "@effectionx/process": "^0.6.1",
        "@effectionx/tinyexec": "^0.3.1",
        "@types/express": "^5.0.0",
        "@types/http-proxy": "^1.17.17",
        "@types/morgan": "^1.9.10",
        "@types/node": "^22.0.0",
        "ai": "^5.0.113",
        "dotenv": "^17.2.3",
        "effection": "^4.0.0-beta.3",
        "tsup": "^8.3.5",
        "tsx": "^4.21.0",
        "typescript": "^5.7.0"
      },
      "peerDependencies": {
        "effection": ">=4.0.0-beta.0",
        "express": ">=4.0.0",
        "http-proxy": ">=1.0.0"
      }
    },
    "../../node_modules/.pnpm/@effectionx+process@0.6.1/node_modules/@effectionx/process": {
      "version": "0.6.1",
      "dev": true,
      "license": "MIT",
      "dependencies": {
        "@types/cross-spawn": "6.0.6",
        "cross-spawn": "7.0.6",
        "ctrlc-windows": "2.2.0",
        "effection": "^3 || ^4.0.0-0",
        "shellwords": "^1.1.1"
      },
      "engines": {
        "node": ">= 16"
      }
    },
    "../../node_modules/.pnpm/@effectionx+tinyexec@0.3.1/node_modules/@effectionx/tinyexec": {
      "version": "0.3.1",
      "dev": true,
      "license": "MIT",
      "dependencies": {
        "effection": "^3 || ^4.0.0-0",
        "tinyexec": "0.3.2"
      },
      "engines": {
        "node": ">= 16"
      }
    },
    "../../node_modules/.pnpm/@types+express@5.0.6/node_modules/@types/express": {
      "version": "5.0.6",
      "dev": true,
      "license": "MIT",
      "dependencies": {
        "@types/body-parser": "*",
        "@types/express-serve-static-core": "^5.0.0",
        "@types/serve-static": "^2"
      }
    },
    "../../node_modules/.pnpm/@types+http-proxy@1.17.17/node_modules/@types/http-proxy": {
      "version": "1.17.17",
      "dev": true,
      "license": "MIT",
      "dependencies": {
        "@types/node": "*"
      }
    },
    "../../node_modules/.pnpm/@types+morgan@1.9.10/node_modules/@types/morgan": {
      "version": "1.9.10",
      "dev": true,
      "license": "MIT",
      "dependencies": {
        "@types/node": "*"
      }
    },
    "../../node_modules/.pnpm/@types+node@22.19.2/node_modules/@types/node": {
      "version": "22.19.2",
      "dev": true,
      "license": "MIT",
      "dependencies": {
        "undici-types": "~6.21.0"
      }
    },
    "../../node_modules/.pnpm/effection@4.0.0-beta.3/node_modules/effection": {
      "version": "4.0.0-beta.3",
      "dev": true,
      "license": "ISC",
      "engines": {
        "node": ">= 16"
      }
    },
    "../../node_modules/.pnpm/express@5.2.1/node_modules/express": {
      "version": "5.2.1",
      "license": "MIT",
      "dependencies": {
        "accepts": "^2.0.0",
        "body-parser": "^2.2.1",
        "content-disposition": "^1.0.0",
        "content-type": "^1.0.5",
        "cookie": "^0.7.1",
        "cookie-signature": "^1.2.1",
        "debug": "^4.4.0",
        "depd": "^2.0.0",
        "encodeurl": "^2.0.0",
        "escape-html": "^1.0.3",
        "etag": "^1.8.1",
        "finalhandler": "^2.1.0",
        "fresh": "^2.0.0",
        "http-errors": "^2.0.0",
        "merge-descriptors": "^2.0.0",
        "mime-types": "^3.0.0",
        "on-finished": "^2.4.1",
        "once": "^1.4.0",
        "parseurl": "^1.3.3",
        "proxy-addr": "^2.0.7",
        "qs": "^6.14.0",
        "range-parser": "^1.2.1",
        "router": "^2.2.0",
        "send": "^1.1.0",
        "serve-static": "^2.2.0",
        "statuses": "^2.0.1",
        "type-is": "^2.0.1",
        "vary": "^1.1.2"
      },
      "devDependencies": {
        "after": "0.8.2",
        "connect-redis": "^8.0.1",
        "cookie-parser": "1.4.7",
        "cookie-session": "2.1.1",
        "ejs": "^3.1.10",
        "eslint": "8.47.0",
        "express-session": "^1.18.1",
        "hbs": "4.2.0",
        "marked": "^15.0.3",
        "method-override": "3.0.0",
        "mocha": "^10.7.3",
        "morgan": "1.10.1",
        "nyc": "^17.1.0",
        "pbkdf2-password": "1.2.1",
        "supertest": "^6.3.0",
        "vhost": "~3.0.2"
      },
      "engines": {
        "node": ">= 18"
      },
      "funding": {
        "type": "opencollective",
        "url": "https://opencollective.com/express"
      }
    },
    "../../node_modules/.pnpm/http-proxy@1.18.1/node_modules/http-proxy": {
      "version": "1.18.1",
      "license": "MIT",
      "dependencies": {
        "eventemitter3": "^4.0.0",
        "follow-redirects": "^1.0.0",
        "requires-port": "^1.0.0"
      },
      "devDependencies": {
        "async": "^3.0.0",
        "auto-changelog": "^1.15.0",
        "concat-stream": "^2.0.0",
        "expect.js": "~0.3.1",
        "mocha": "^3.5.3",
        "nyc": "^14.0.0",
        "semver": "^5.0.3",
        "socket.io": "^2.1.0",
        "socket.io-client": "^2.1.0",
        "sse": "0.0.8",
        "ws": "^3.0.0"
      },
      "engines": {
        "node": ">=8.0.0"
      }
    },
    "../../node_modules/.pnpm/morgan@1.10.1/node_modules/morgan": {
      "version": "1.10.1",
      "license": "MIT",
      "dependencies": {
        "basic-auth": "~2.0.1",
        "debug": "2.6.9",
        "depd": "~2.0.0",
        "on-finished": "~2.3.0",
        "on-headers": "~1.1.0"
      },
      "devDependencies": {
        "eslint": "6.8.0",
        "eslint-config-standard": "14.1.1",
        "eslint-plugin-import": "2.20.2",
        "eslint-plugin-markdown": "1.0.2",
        "eslint-plugin-node": "11.1.0",
        "eslint-plugin-promise": "4.2.1",
        "eslint-plugin-standard": "4.0.1",
        "mocha": "10.4.0",
        "nyc": "15.1.0",
        "split": "1.0.1",
        "supertest": "4.0.2"
      },
      "engines": {
        "node": ">= 0.8.0"
      }
    },
    "../../node_modules/.pnpm/tsup@8.5.1_jiti@2.6.1_postcss@8.5.6_tsx@4.21.0_typescript@5.9.3/node_modules/tsup": {
      "version": "8.5.1",
      "dev": true,
      "license": "MIT",
      "dependencies": {
        "bundle-require": "^5.1.0",
        "cac": "^6.7.14",
        "chokidar": "^4.0.3",
        "consola": "^3.4.0",
        "debug": "^4.4.0",
        "esbuild": "^0.27.0",
        "fix-dts-default-cjs-exports": "^1.0.0",
        "joycon": "^3.1.1",
        "picocolors": "^1.1.1",
        "postcss-load-config": "^6.0.1",
        "resolve-from": "^5.0.0",
        "rollup": "^4.34.8",
        "source-map": "^0.7.6",
        "sucrase": "^3.35.0",
        "tinyexec": "^0.3.2",
        "tinyglobby": "^0.2.11",
        "tree-kill": "^1.2.2"
      },
      "bin": {
        "tsup": "dist/cli-default.js",
        "tsup-node": "dist/cli-node.js"
      },
      "devDependencies": {
        "@microsoft/api-extractor": "^7.50.0",
        "@rollup/plugin-json": "6.1.0",
        "@swc/core": "1.10.18",
        "@types/debug": "4.1.12",
        "@types/node": "22.13.4",
        "@types/resolve": "1.20.6",
        "bumpp": "^10.0.3",
        "flat": "6.0.1",
        "postcss": "8.5.2",
        "postcss-simple-vars": "7.0.1",
        "prettier": "3.5.1",
        "resolve": "1.22.10",
        "rollup-plugin-dts": "6.1.1",
        "sass": "1.85.0",
        "strip-json-comments": "5.0.1",
        "svelte": "5.19.9",
        "svelte-preprocess": "6.0.3",
        "terser": "^5.39.0",
        "ts-essentials": "10.0.4",
        "tsup": "8.3.6",
        "typescript": "5.7.3",
        "vitest": "3.0.6",
        "wait-for-expect": "3.0.2"
      },
      "engines": {
        "node": ">=18"
      },
      "peerDependencies": {
        "@microsoft/api-extractor": "^7.36.0",
        "@swc/core": "^1",
        "postcss": "^8.4.12",
        "typescript": ">=4.5.0"
      },
      "peerDependenciesMeta": {
        "@microsoft/api-extractor": {
          "optional": true
        },
        "@swc/core": {
          "optional": true
        },
        "postcss": {
          "optional": true
        },
        "typescript": {
          "optional": true
        }
      }
    },
    "../../node_modules/.pnpm/tsx@4.21.0/node_modules/tsx": {
      "version": "4.21.0",
      "dev": true,
      "license": "MIT",
      "dependencies": {
        "esbuild": "~0.27.0",
        "get-tsconfig": "^4.7.5"
      },
      "bin": {
        "tsx": "dist/cli.mjs"
      },
      "engines": {
        "node": ">=18.0.0"
      },
      "optionalDependencies": {
        "fsevents": "~2.3.3"
      }
    },
    "../../node_modules/.pnpm/typescript@5.9.3/node_modules/typescript": {
      "version": "5.9.3",
      "dev": true,
      "license": "Apache-2.0",
      "bin": {
        "tsc": "bin/tsc",
        "tsserver": "bin/tsserver"
      },
      "devDependencies": {
        "@dprint/formatter": "^0.4.1",
        "@dprint/typescript": "0.93.4",
        "@esfx/canceltoken": "^1.0.0",
        "@eslint/js": "^9.20.0",
        "@octokit/rest": "^21.1.1",
        "@types/chai": "^4.3.20",
        "@types/diff": "^7.0.1",
        "@types/minimist": "^1.2.5",
        "@types/mocha": "^10.0.10",
        "@types/ms": "^0.7.34",
        "@types/node": "latest",
        "@types/source-map-support": "^0.5.10",
        "@types/which": "^3.0.4",
        "@typescript-eslint/rule-tester": "^8.24.1",
        "@typescript-eslint/type-utils": "^8.24.1",
        "@typescript-eslint/utils": "^8.24.1",
        "azure-devops-node-api": "^14.1.0",
        "c8": "^10.1.3",
        "chai": "^4.5.0",
        "chokidar": "^4.0.3",
        "diff": "^7.0.0",
        "dprint": "^0.49.0",
        "esbuild": "^0.25.0",
        "eslint": "^9.20.1",
        "eslint-formatter-autolinkable-stylish": "^1.4.0",
        "eslint-plugin-regexp": "^2.7.0",
        "fast-xml-parser": "^4.5.2",
        "glob": "^10.4.5",
        "globals": "^15.15.0",
        "hereby": "^1.10.0",
        "jsonc-parser": "^3.3.1",
        "knip": "^5.44.4",
        "minimist": "^1.2.8",
        "mocha": "^10.8.2",
        "mocha-fivemat-progress-reporter": "^0.1.0",
        "monocart-coverage-reports": "^2.12.1",
        "ms": "^2.1.3",
        "picocolors": "^1.1.1",
        "playwright": "^1.50.1",
        "source-map-support": "^0.5.21",
        "tslib": "^2.8.1",
        "typescript": "^5.7.3",
        "typescript-eslint": "^8.24.1",
        "which": "^3.0.1"
      },
      "engines": {
        "node": ">=14.17"
      }
    },
    "node_modules/@ai-sdk/gateway": {
      "version": "2.0.21",
      "resolved": "https://registry.npmjs.org/@ai-sdk/gateway/-/gateway-2.0.21.tgz",
      "integrity": "sha512-BwV7DU/lAm3Xn6iyyvZdWgVxgLu3SNXzl5y57gMvkW4nGhAOV5269IrJzQwGt03bb107sa6H6uJwWxc77zXoGA==",
      "dev": true,
      "license": "Apache-2.0",
      "dependencies": {
        "@ai-sdk/provider": "2.0.0",
        "@ai-sdk/provider-utils": "3.0.19",
        "@vercel/oidc": "3.0.5"
      },
      "engines": {
        "node": ">=18"
      },
      "peerDependencies": {
        "zod": "^3.25.76 || ^4.1.8"
      }
    },
    "node_modules/@ai-sdk/google": {
      "version": "2.0.47",
      "resolved": "https://registry.npmjs.org/@ai-sdk/google/-/google-2.0.47.tgz",
      "integrity": "sha512-grIlvzh+jzMoKNOnn5Xe/8fdYiJOs0ThMVetsGzqflvMkUNF3B83t5i0kf4XqiM8MwTJ8gkdOA4VeQOZKR7TkA==",
      "dev": true,
      "license": "Apache-2.0",
      "dependencies": {
        "@ai-sdk/provider": "2.0.0",
        "@ai-sdk/provider-utils": "3.0.19"
      },
      "engines": {
        "node": ">=18"
      },
      "peerDependencies": {
        "zod": "^3.25.76 || ^4.1.8"
      }
    },
    "node_modules/@ai-sdk/openai": {
      "version": "2.0.87",
      "resolved": "https://registry.npmjs.org/@ai-sdk/openai/-/openai-2.0.87.tgz",
      "integrity": "sha512-qywHMz8Kd+y/cluanX63SqFV/J8gLq596+W8K/MgdNroEnSabRIeikEP1/K0wwuKtSI7/KaLlVUnt1N5E3889Q==",
      "dev": true,
      "license": "Apache-2.0",
      "dependencies": {
        "@ai-sdk/provider": "2.0.0",
        "@ai-sdk/provider-utils": "3.0.19"
      },
      "engines": {
        "node": ">=18"
      },
      "peerDependencies": {
        "zod": "^3.25.76 || ^4.1.8"
      }
    },
    "node_modules/@ai-sdk/provider": {
      "version": "2.0.0",
      "resolved": "https://registry.npmjs.org/@ai-sdk/provider/-/provider-2.0.0.tgz",
      "integrity": "sha512-6o7Y2SeO9vFKB8lArHXehNuusnpddKPk7xqL7T2/b+OvXMRIXUO1rR4wcv1hAFUAT9avGZshty3Wlua/XA7TvA==",
      "dev": true,
      "license": "Apache-2.0",
      "dependencies": {
        "json-schema": "^0.4.0"
      },
      "engines": {
        "node": ">=18"
      }
    },
    "node_modules/@ai-sdk/provider-utils": {
      "version": "3.0.19",
      "resolved": "https://registry.npmjs.org/@ai-sdk/provider-utils/-/provider-utils-3.0.19.tgz",
      "integrity": "sha512-W41Wc9/jbUVXVwCN/7bWa4IKe8MtxO3EyA0Hfhx6grnmiYlCvpI8neSYWFE0zScXJkgA/YK3BRybzgyiXuu6JA==",
      "dev": true,
      "license": "Apache-2.0",
      "dependencies": {
        "@ai-sdk/provider": "2.0.0",
        "@standard-schema/spec": "^1.0.0",
        "eventsource-parser": "^3.0.6"
      },
      "engines": {
        "node": ">=18"
      },
      "peerDependencies": {
        "zod": "^3.25.76 || ^4.1.8"
      }
    },
    "node_modules/@effectionx/process": {
      "resolved": "../../node_modules/.pnpm/@effectionx+process@0.6.1/node_modules/@effectionx/process",
      "link": true
    },
    "node_modules/@effectionx/tinyexec": {
      "resolved": "../../node_modules/.pnpm/@effectionx+tinyexec@0.3.1/node_modules/@effectionx/tinyexec",
      "link": true
    },
    "node_modules/@opentelemetry/api": {
      "version": "1.9.0",
      "resolved": "https://registry.npmjs.org/@opentelemetry/api/-/api-1.9.0.tgz",
      "integrity": "sha512-3giAOQvZiH5F9bMlMiv8+GSPMeqg0dbaeo58/0SlA9sxSqZhnUtxzX9/2FzyhS9sWQf5S0GJE0AKBrFqjpeYcg==",
      "dev": true,
      "license": "Apache-2.0",
      "engines": {
        "node": ">=8.0.0"
      }
    },
    "node_modules/@standard-schema/spec": {
      "version": "1.1.0",
      "resolved": "https://registry.npmjs.org/@standard-schema/spec/-/spec-1.1.0.tgz",
      "integrity": "sha512-l2aFy5jALhniG5HgqrD6jXLi/rUWrKvqN/qJx6yoJsgKhblVd+iqqU4RCXavm/jPityDo5TCvKMnpjKnOriy0w==",
      "dev": true,
      "license": "MIT"
    },
    "node_modules/@types/express": {
      "resolved": "../../node_modules/.pnpm/@types+express@5.0.6/node_modules/@types/express",
      "link": true
    },
    "node_modules/@types/http-proxy": {
      "resolved": "../../node_modules/.pnpm/@types+http-proxy@1.17.17/node_modules/@types/http-proxy",
      "link": true
    },
    "node_modules/@types/morgan": {
      "resolved": "../../node_modules/.pnpm/@types+morgan@1.9.10/node_modules/@types/morgan",
      "link": true
    },
    "node_modules/@types/node": {
      "resolved": "../../node_modules/.pnpm/@types+node@22.19.2/node_modules/@types/node",
      "link": true
    },
    "node_modules/@vercel/oidc": {
      "version": "3.0.5",
      "resolved": "https://registry.npmjs.org/@vercel/oidc/-/oidc-3.0.5.tgz",
      "integrity": "sha512-fnYhv671l+eTTp48gB4zEsTW/YtRgRPnkI2nT7x6qw5rkI1Lq2hTmQIpHPgyThI0znLK+vX2n9XxKdXZ7BUbbw==",
      "dev": true,
      "license": "Apache-2.0",
      "engines": {
        "node": ">= 20"
      }
    },
    "node_modules/ai": {
      "version": "5.0.113",
      "resolved": "https://registry.npmjs.org/ai/-/ai-5.0.113.tgz",
      "integrity": "sha512-26vivpSO/mzZj0k1Si2IpsFspp26ttQICHRySQiMrtWcRd5mnJMX2a8sG28vmZ38C+JUn1cWmfZrsLMxkSMw9g==",
      "dev": true,
      "license": "Apache-2.0",
      "dependencies": {
        "@ai-sdk/gateway": "2.0.21",
        "@ai-sdk/provider": "2.0.0",
        "@ai-sdk/provider-utils": "3.0.19",
        "@opentelemetry/api": "1.9.0"
      },
      "engines": {
        "node": ">=18"
      },
      "peerDependencies": {
        "zod": "^3.25.76 || ^4.1.8"
      }
    },
    "node_modules/dotenv": {
      "version": "17.2.3",
      "resolved": "https://registry.npmjs.org/dotenv/-/dotenv-17.2.3.tgz",
      "integrity": "sha512-JVUnt+DUIzu87TABbhPmNfVdBDt18BLOWjMUFJMSi/Qqg7NTYtabbvSNJGOJ7afbRuv9D/lngizHtP7QyLQ+9w==",
      "dev": true,
      "license": "BSD-2-Clause",
      "engines": {
        "node": ">=12"
      },
      "funding": {
        "url": "https://dotenvx.com"
      }
    },
    "node_modules/effection": {
      "resolved": "../../node_modules/.pnpm/effection@4.0.0-beta.3/node_modules/effection",
      "link": true
    },
    "node_modules/eventsource-parser": {
      "version": "3.0.6",
      "resolved": "https://registry.npmjs.org/eventsource-parser/-/eventsource-parser-3.0.6.tgz",
      "integrity": "sha512-Vo1ab+QXPzZ4tCa8SwIHJFaSzy4R6SHf7BY79rFBDf0idraZWAkYrDjDj8uWaSm3S2TK+hJ7/t1CEmZ7jXw+pg==",
      "dev": true,
      "license": "MIT",
      "engines": {
        "node": ">=18.0.0"
      }
    },
    "node_modules/express": {
      "resolved": "../../node_modules/.pnpm/express@5.2.1/node_modules/express",
      "link": true
    },
    "node_modules/http-proxy": {
      "resolved": "../../node_modules/.pnpm/http-proxy@1.18.1/node_modules/http-proxy",
      "link": true
    },
    "node_modules/json-schema": {
      "version": "0.4.0",
      "resolved": "https://registry.npmjs.org/json-schema/-/json-schema-0.4.0.tgz",
      "integrity": "sha512-es94M3nTIfsEPisRafak+HDLfHXnKBhV3vU5eqPcS3flIWqcxJWgXHXiey3YrpaNsanY5ei1VoYEbOzijuq9BA==",
      "dev": true,
      "license": "(AFL-2.1 OR BSD-3-Clause)"
    },
    "node_modules/morgan": {
      "resolved": "../../node_modules/.pnpm/morgan@1.10.1/node_modules/morgan",
      "link": true
    },
    "node_modules/tsup": {
      "resolved": "../../node_modules/.pnpm/tsup@8.5.1_jiti@2.6.1_postcss@8.5.6_tsx@4.21.0_typescript@5.9.3/node_modules/tsup",
      "link": true
    },
    "node_modules/tsx": {
      "resolved": "../../node_modules/.pnpm/tsx@4.21.0/node_modules/tsx",
      "link": true
    },
    "node_modules/typescript": {
      "resolved": "../../node_modules/.pnpm/typescript@5.9.3/node_modules/typescript",
      "link": true
    },
    "node_modules/zod": {
      "version": "4.2.1",
      "resolved": "https://registry.npmjs.org/zod/-/zod-4.2.1.tgz",
      "integrity": "sha512-0wZ1IRqGGhMP76gLqz8EyfBXKk0J2qo2+H3fi4mcUP/KtTocoX08nmIAHl1Z2kJIZbZee8KOpBCSNPRgauucjw==",
      "dev": true,
      "license": "MIT",
      "peer": true,
      "funding": {
        "url": "https://github.com/sponsors/colinhacks"
      }
    }
  }
}
